
Microsoft Visual Studio Solution File, Format Version 12.00
Project("{FAE04EC0-301F-11D3-BF4B-00C04F79EFBC}") = "GloboClimaPlatform", "GloboClimaPlatform.csproj", "{B2787F86-AA04-45B4-BB5A-90A41741292A}"
EndProject
Global
	GlobalSection(SolutionConfigurationPlatforms) = preSolution
		Debug|Any CPU = Debug|Any CPU
		Release|Any CPU = Release|Any CPU
	EndGlobalSection
	GlobalSection(ProjectConfigurationPlatforms) = postSolution
		{B2787F86-AA04-45B4-BB5A-90A41741292A}.Debug|Any CPU.ActiveCfg = Debug|Any CPU
		{B2787F86-AA04-45B4-BB5A-90A41741292A}.Debug|Any CPU.Build.0 = Debug|Any CPU
		{B2787F86-AA04-45B4-BB5A-90A41741292A}.Release|Any CPU.ActiveCfg = Release|Any CPU
		{B2787F86-AA04-45B4-BB5A-90A41741292A}.Release|Any CPU.Build.0 = Release|Any CPU
	EndGlobalSection
EndGlobal
